
Microsoft Visual Studio Solution File, Format Version 12.00
# Visual Studio Version 17
VisualStudioVersion = 17.0.31903.59
MinimumVisualStudioVersion = 10.0.40219.1
Project("{FAE04EC0-301F-11D3-BF4B-00C04F79EFBC}") = "2048alt", "2048alt\2048alt.csproj", "{561736D0-1598-45D8-B89D-96EFBE958E55}"
EndProject
Global
	GlobalSection(SolutionConfigurationPlatforms) = preSolution
		Debug|Any CPU = Debug|Any CPU
		Release|Any CPU = Release|Any CPU
	EndGlobalSection
	GlobalSection(ProjectConfigurationPlatforms) = postSolution
		{561736D0-1598-45D8-B89D-96EFBE958E55}.Debug|Any CPU.ActiveCfg = Debug|Any CPU
		{561736D0-1598-45D8-B89D-96EFBE958E55}.Debug|Any CPU.Build.0 = Debug|Any CPU
		{561736D0-1598-45D8-B89D-96EFBE958E55}.Release|Any CPU.ActiveCfg = Release|Any CPU
		{561736D0-1598-45D8-B89D-96EFBE958E55}.Release|Any CPU.Build.0 = Release|Any CPU
	EndGlobalSection
	GlobalSection(SolutionProperties) = preSolution
		HideSolutionNode = FALSE
	EndGlobalSection
	GlobalSection(ExtensibilityGlobals) = postSolution
		SolutionGuid = {9CF69D22-74A5-4516-B1FD-1EAFFA9720C9}
	EndGlobalSection
EndGlobal
